
Microsoft Visual Studio Solution File, Format Version 12.00
# Visual Studio Version 16
VisualStudioVersion = 16.0.32510.428
MinimumVisualStudioVersion = 10.0.40219.1
Project("{FAE04EC0-301F-11D3-BF4B-00C04F79EFBC}") = "CuaHangTienLoi.Web", "CuaHangTienLoi.Web\CuaHangTienLoi.Web.csproj", "{FB446DA9-7F16-4D19-BFF3-3F83B34A8157}"
EndProject
Global
	GlobalSection(SolutionConfigurationPlatforms) = preSolution
		Debug|Any CPU = Debug|Any CPU
		Release|Any CPU = Release|Any CPU
	EndGlobalSection
	GlobalSection(ProjectConfigurationPlatforms) = postSolution
		{FB446DA9-7F16-4D19-BFF3-3F83B34A8157}.Debug|Any CPU.ActiveCfg = Debug|Any CPU
		{FB446DA9-7F16-4D19-BFF3-3F83B34A8157}.Debug|Any CPU.Build.0 = Debug|Any CPU
		{FB446DA9-7F16-4D19-BFF3-3F83B34A8157}.Release|Any CPU.ActiveCfg = Release|Any CPU
		{FB446DA9-7F16-4D19-BFF3-3F83B34A8157}.Release|Any CPU.Build.0 = Release|Any CPU
	EndGlobalSection
	GlobalSection(SolutionProperties) = preSolution
		HideSolutionNode = FALSE
	EndGlobalSection
	GlobalSection(ExtensibilityGlobals) = postSolution
		SolutionGuid = {E4E5988D-98F8-4DBD-B757-EE7323BB1D1B}
	EndGlobalSection
EndGlobal
